
Microsoft Visual Studio Solution File, Format Version 12.00
# Visual Studio Version 17
VisualStudioVersion = 17.11.35208.52
MinimumVisualStudioVersion = 10.0.40219.1
Project("{FAE04EC0-301F-11D3-BF4B-00C04F79EFBC}") = "ProductPrice", "ProductPrice\ProductPrice.csproj", "{0A4E2150-9522-48B8-B8B2-626F855E9CAC}"
EndProject
Global
	GlobalSection(SolutionConfigurationPlatforms) = preSolution
		Debug|Any CPU = Debug|Any CPU
		Release|Any CPU = Release|Any CPU
	EndGlobalSection
	GlobalSection(ProjectConfigurationPlatforms) = postSolution
		{0A4E2150-9522-48B8-B8B2-626F855E9CAC}.Debug|Any CPU.ActiveCfg = Debug|Any CPU
		{0A4E2150-9522-48B8-B8B2-626F855E9CAC}.Debug|Any CPU.Build.0 = Debug|Any CPU
		{0A4E2150-9522-48B8-B8B2-626F855E9CAC}.Release|Any CPU.ActiveCfg = Release|Any CPU
		{0A4E2150-9522-48B8-B8B2-626F855E9CAC}.Release|Any CPU.Build.0 = Release|Any CPU
	EndGlobalSection
	GlobalSection(SolutionProperties) = preSolution
		HideSolutionNode = FALSE
	EndGlobalSection
	GlobalSection(ExtensibilityGlobals) = postSolution
		SolutionGuid = {9E1925D0-7CF6-4998-9971-623801650EE8}
	EndGlobalSection
EndGlobal
