
Microsoft Visual Studio Solution File, Format Version 12.00
# Visual Studio Version 17
VisualStudioVersion = 17.9.34728.123
MinimumVisualStudioVersion = 10.0.40219.1
Project("{FAE04EC0-301F-11D3-BF4B-00C04F79EFBC}") = "ADRotator", "ADRotator\ADRotator.csproj", "{942560A1-6D59-4885-BC1E-9E984DE4051E}"
EndProject
Global
	GlobalSection(SolutionConfigurationPlatforms) = preSolution
		Debug|Any CPU = Debug|Any CPU
		Release|Any CPU = Release|Any CPU
	EndGlobalSection
	GlobalSection(ProjectConfigurationPlatforms) = postSolution
		{942560A1-6D59-4885-BC1E-9E984DE4051E}.Debug|Any CPU.ActiveCfg = Debug|Any CPU
		{942560A1-6D59-4885-BC1E-9E984DE4051E}.Debug|Any CPU.Build.0 = Debug|Any CPU
		{942560A1-6D59-4885-BC1E-9E984DE4051E}.Release|Any CPU.ActiveCfg = Release|Any CPU
		{942560A1-6D59-4885-BC1E-9E984DE4051E}.Release|Any CPU.Build.0 = Release|Any CPU
	EndGlobalSection
	GlobalSection(SolutionProperties) = preSolution
		HideSolutionNode = FALSE
	EndGlobalSection
	GlobalSection(ExtensibilityGlobals) = postSolution
		SolutionGuid = {693BE185-7AFD-4133-8595-9E9D6F3C157C}
	EndGlobalSection
EndGlobal
