
Microsoft Visual Studio Solution File, Format Version 12.00
# Visual Studio Version 17
VisualStudioVersion = 17.13.35828.75 d17.13
MinimumVisualStudioVersion = 10.0.40219.1
Project("{FAE04EC0-301F-11D3-BF4B-00C04F79EFBC}") = "GridCrud", "GridCrud\GridCrud.csproj", "{F908CAC9-8628-4C37-B756-E30778836714}"
EndProject
Global
	GlobalSection(SolutionConfigurationPlatforms) = preSolution
		Debug|Any CPU = Debug|Any CPU
		Release|Any CPU = Release|Any CPU
	EndGlobalSection
	GlobalSection(ProjectConfigurationPlatforms) = postSolution
		{F908CAC9-8628-4C37-B756-E30778836714}.Debug|Any CPU.ActiveCfg = Debug|Any CPU
		{F908CAC9-8628-4C37-B756-E30778836714}.Debug|Any CPU.Build.0 = Debug|Any CPU
		{F908CAC9-8628-4C37-B756-E30778836714}.Release|Any CPU.ActiveCfg = Release|Any CPU
		{F908CAC9-8628-4C37-B756-E30778836714}.Release|Any CPU.Build.0 = Release|Any CPU
	EndGlobalSection
	GlobalSection(SolutionProperties) = preSolution
		HideSolutionNode = FALSE
	EndGlobalSection
	GlobalSection(ExtensibilityGlobals) = postSolution
		SolutionGuid = {AE24C54A-BF7E-46E5-97CB-E1D32C4921DC}
	EndGlobalSection
EndGlobal
