
Microsoft Visual Studio Solution File, Format Version 12.00
# Visual Studio Version 17
VisualStudioVersion = 17.13.35828.75 d17.13
MinimumVisualStudioVersion = 10.0.40219.1
Project("{FAE04EC0-301F-11D3-BF4B-00C04F79EFBC}") = "MasterPageIntroduction", "MasterPageIntroduction\MasterPageIntroduction.csproj", "{2A793B8C-5CC8-41FD-BDCE-525D3195DE7B}"
EndProject
Global
	GlobalSection(SolutionConfigurationPlatforms) = preSolution
		Debug|Any CPU = Debug|Any CPU
		Release|Any CPU = Release|Any CPU
	EndGlobalSection
	GlobalSection(ProjectConfigurationPlatforms) = postSolution
		{2A793B8C-5CC8-41FD-BDCE-525D3195DE7B}.Debug|Any CPU.ActiveCfg = Debug|Any CPU
		{2A793B8C-5CC8-41FD-BDCE-525D3195DE7B}.Debug|Any CPU.Build.0 = Debug|Any CPU
		{2A793B8C-5CC8-41FD-BDCE-525D3195DE7B}.Release|Any CPU.ActiveCfg = Release|Any CPU
		{2A793B8C-5CC8-41FD-BDCE-525D3195DE7B}.Release|Any CPU.Build.0 = Release|Any CPU
	EndGlobalSection
	GlobalSection(SolutionProperties) = preSolution
		HideSolutionNode = FALSE
	EndGlobalSection
	GlobalSection(ExtensibilityGlobals) = postSolution
		SolutionGuid = {005E00E3-02A2-478F-BB46-32ED0DFF8392}
	EndGlobalSection
EndGlobal
