
Microsoft Visual Studio Solution File, Format Version 12.00
# Visual Studio Version 17
VisualStudioVersion = 17.9.34728.123
MinimumVisualStudioVersion = 10.0.40219.1
Project("{FAE04EC0-301F-11D3-BF4B-00C04F79EFBC}") = "MultiLevelInheritanceSumMultiply", "MultiLevelInheritanceSumMultiply\MultiLevelInheritanceSumMultiply.csproj", "{BDF7308A-FB70-43A4-9C3C-7B704EC1AE92}"
EndProject
Global
	GlobalSection(SolutionConfigurationPlatforms) = preSolution
		Debug|Any CPU = Debug|Any CPU
		Release|Any CPU = Release|Any CPU
	EndGlobalSection
	GlobalSection(ProjectConfigurationPlatforms) = postSolution
		{BDF7308A-FB70-43A4-9C3C-7B704EC1AE92}.Debug|Any CPU.ActiveCfg = Debug|Any CPU
		{BDF7308A-FB70-43A4-9C3C-7B704EC1AE92}.Debug|Any CPU.Build.0 = Debug|Any CPU
		{BDF7308A-FB70-43A4-9C3C-7B704EC1AE92}.Release|Any CPU.ActiveCfg = Release|Any CPU
		{BDF7308A-FB70-43A4-9C3C-7B704EC1AE92}.Release|Any CPU.Build.0 = Release|Any CPU
	EndGlobalSection
	GlobalSection(SolutionProperties) = preSolution
		HideSolutionNode = FALSE
	EndGlobalSection
	GlobalSection(ExtensibilityGlobals) = postSolution
		SolutionGuid = {1A1EE562-D52D-466C-A653-BF8738E192F1}
	EndGlobalSection
EndGlobal
